
Microsoft Visual Studio Solution File, Format Version 12.00
# Visual Studio Version 17
VisualStudioVersion = 17.11.35208.52
MinimumVisualStudioVersion = 10.0.40219.1
Project("{9A19103F-16F7-4668-BE54-9A1E7A4F7556}") = "NumerosPrimos_Presentacion", "NumerosPrimos_Presentacion\NumerosPrimos_Presentacion.csproj", "{9755B7B5-0163-441C-88BB-0D378B6057F5}"
EndProject
Project("{9A19103F-16F7-4668-BE54-9A1E7A4F7556}") = "NumerosPrimos_Negocio", "NumerosPrimos_Soporte\NumerosPrimos_Negocio.csproj", "{EC2B7603-0018-46F7-A90A-0AF385EE2CFC}"
EndProject
Project("{9A19103F-16F7-4668-BE54-9A1E7A4F7556}") = "NumerosPrimos_Soporte", "NumerosPrimos_Negocio\NumerosPrimos_Soporte.csproj", "{83D0B92E-E144-4E87-9874-63664134A778}"
EndProject
Global
	GlobalSection(SolutionConfigurationPlatforms) = preSolution
		Debug|Any CPU = Debug|Any CPU
		Release|Any CPU = Release|Any CPU
	EndGlobalSection
	GlobalSection(ProjectConfigurationPlatforms) = postSolution
		{9755B7B5-0163-441C-88BB-0D378B6057F5}.Debug|Any CPU.ActiveCfg = Debug|Any CPU
		{9755B7B5-0163-441C-88BB-0D378B6057F5}.Debug|Any CPU.Build.0 = Debug|Any CPU
		{9755B7B5-0163-441C-88BB-0D378B6057F5}.Release|Any CPU.ActiveCfg = Release|Any CPU
		{9755B7B5-0163-441C-88BB-0D378B6057F5}.Release|Any CPU.Build.0 = Release|Any CPU
		{EC2B7603-0018-46F7-A90A-0AF385EE2CFC}.Debug|Any CPU.ActiveCfg = Debug|Any CPU
		{EC2B7603-0018-46F7-A90A-0AF385EE2CFC}.Debug|Any CPU.Build.0 = Debug|Any CPU
		{EC2B7603-0018-46F7-A90A-0AF385EE2CFC}.Release|Any CPU.ActiveCfg = Release|Any CPU
		{EC2B7603-0018-46F7-A90A-0AF385EE2CFC}.Release|Any CPU.Build.0 = Release|Any CPU
		{83D0B92E-E144-4E87-9874-63664134A778}.Debug|Any CPU.ActiveCfg = Debug|Any CPU
		{83D0B92E-E144-4E87-9874-63664134A778}.Debug|Any CPU.Build.0 = Debug|Any CPU
		{83D0B92E-E144-4E87-9874-63664134A778}.Release|Any CPU.ActiveCfg = Release|Any CPU
		{83D0B92E-E144-4E87-9874-63664134A778}.Release|Any CPU.Build.0 = Release|Any CPU
	EndGlobalSection
	GlobalSection(SolutionProperties) = preSolution
		HideSolutionNode = FALSE
	EndGlobalSection
	GlobalSection(ExtensibilityGlobals) = postSolution
		SolutionGuid = {B531C244-E53D-4AE2-AA6A-6F097069D4B5}
	EndGlobalSection
EndGlobal
